
Microsoft Visual Studio Solution File, Format Version 12.00
# Visual Studio Version 17
VisualStudioVersion = 17.4.33110.190
MinimumVisualStudioVersion = 10.0.40219.1
Project("{FAE04EC0-301F-11D3-BF4B-00C04F79EFBC}") = "HouseExpenses.Api", "HouseExpenses\HouseExpenses.Api.csproj", "{BD9C6EB0-F469-422F-8CF8-566D1EE62247}"
EndProject
Project("{FAE04EC0-301F-11D3-BF4B-00C04F79EFBC}") = "HouseExpenses.Data", "HouseExpenses.Data\HouseExpenses.Data.csproj", "{27D43661-86B4-4181-A969-7BE5FC36EDB4}"
EndProject
Global
	GlobalSection(SolutionConfigurationPlatforms) = preSolution
		Debug|Any CPU = Debug|Any CPU
		Release|Any CPU = Release|Any CPU
	EndGlobalSection
	GlobalSection(ProjectConfigurationPlatforms) = postSolution
		{BD9C6EB0-F469-422F-8CF8-566D1EE62247}.Debug|Any CPU.ActiveCfg = Debug|Any CPU
		{BD9C6EB0-F469-422F-8CF8-566D1EE62247}.Debug|Any CPU.Build.0 = Debug|Any CPU
		{BD9C6EB0-F469-422F-8CF8-566D1EE62247}.Release|Any CPU.ActiveCfg = Release|Any CPU
		{BD9C6EB0-F469-422F-8CF8-566D1EE62247}.Release|Any CPU.Build.0 = Release|Any CPU
		{27D43661-86B4-4181-A969-7BE5FC36EDB4}.Debug|Any CPU.ActiveCfg = Debug|Any CPU
		{27D43661-86B4-4181-A969-7BE5FC36EDB4}.Debug|Any CPU.Build.0 = Debug|Any CPU
		{27D43661-86B4-4181-A969-7BE5FC36EDB4}.Release|Any CPU.ActiveCfg = Release|Any CPU
		{27D43661-86B4-4181-A969-7BE5FC36EDB4}.Release|Any CPU.Build.0 = Release|Any CPU
	EndGlobalSection
	GlobalSection(SolutionProperties) = preSolution
		HideSolutionNode = FALSE
	EndGlobalSection
	GlobalSection(ExtensibilityGlobals) = postSolution
		SolutionGuid = {BA753769-59F7-4D51-99A3-98CC191E3C07}
	EndGlobalSection
EndGlobal
